github.com/google/uuid v1.6.0 h1:NIvaJDMOsjHA8n1jAhLSgzrAzy1Hgr+hNrb57e+94F0=
github.com/google/uuid v1.6.0/go.mod h1:TIyPZe4MgqvfeYDBFedMoGGpEw/LqOeaOT+nhxU+yHo=
github.com/sam-caldwell/ansi v1.0.0 h1:eIcaSowSIDGy+sa8In6RWx/Mde99Lpt0EUxt7W1wcsg=
github.com/sam-caldwell/ansi v1.0.0/go.mod h1:6Ac8q82OJXXFNOxV2yz+D8G8TbaMxaBAgZq1Z2PLaaI=
github.com/sam-caldwell/convert v1.0.0 h1:A4VO+F7ygKTVdpDjQkfFvYtZ2XhhfLSbW/zHgABABwY=
github.com/sam-caldwell/convert v1.0.0/go.mod h1:yCL6c2oFqZy1YP1X1nxbeGPPjZhlNA1Ku99LDtci7bo=
github.com/sam-caldwell/endianness v1.0.0 h1:E1m5MxgZVQuZPRD0HuNvk9aKz5taShMvQz5N2TW5u7Y=
github.com/sam-caldwell/endianness v1.0.0/go.mod h1:gJwJ1cfo85/sYPrz0Aa02pHJZT74nO7+D3d6wLo56BE=
github.com/sam-caldwell/errors v1.0.6 h1:MCV8zJ2AciyvWh/AZU002YjaQQarAsNxV463rCPz88c=
github.com/sam-caldwell/errors v1.0.6/go.mod h1:lZIVGM3grlaHjtZziLfGruJvF1cP+QTERP5ZavehpX0=
github.com/sam-caldwell/exit v1.0.0 h1:zqVdK1Pdpww1RRTzwOAq1OMDwLLUUd94T2gqQF2kpHc=
github.com/sam-caldwell/exit v1.0.0/go.mod h1:gy6m0KCj1RZ+KafgZVahgAxdwVm9pud/6O+lZz0NpFw=
github.com/sam-caldwell/types v1.0.1 h1:kZdFJACYFYlKRWqPOlHnYOiN5kx17/22YBzZBRm/6LE=
github.com/sam-caldwell/types v1.0.1/go.mod h1:FEGFiYX1yZlEXpXDcK0PRo4LRWVxT83vxtjUWPIPMKk=
